
Microsoft Visual Studio Solution File, Format Version 12.00
# Visual Studio Version 17
VisualStudioVersion = 17.2.32630.192
MinimumVisualStudioVersion = 10.0.40219.1
Project("{FAE04EC0-301F-11D3-BF4B-00C04F79EFBC}") = "MiPrimerApi", "MiPrimerApi\MiPrimerApi.csproj", "{062EA96F-C4C5-4D78-8FD4-09733A592922}"
EndProject
Global
	GlobalSection(SolutionConfigurationPlatforms) = preSolution
		Debug|Any CPU = Debug|Any CPU
		Release|Any CPU = Release|Any CPU
	EndGlobalSection
	GlobalSection(ProjectConfigurationPlatforms) = postSolution
		{062EA96F-C4C5-4D78-8FD4-09733A592922}.Debug|Any CPU.ActiveCfg = Debug|Any CPU
		{062EA96F-C4C5-4D78-8FD4-09733A592922}.Debug|Any CPU.Build.0 = Debug|Any CPU
		{062EA96F-C4C5-4D78-8FD4-09733A592922}.Release|Any CPU.ActiveCfg = Release|Any CPU
		{062EA96F-C4C5-4D78-8FD4-09733A592922}.Release|Any CPU.Build.0 = Release|Any CPU
	EndGlobalSection
	GlobalSection(SolutionProperties) = preSolution
		HideSolutionNode = FALSE
	EndGlobalSection
	GlobalSection(ExtensibilityGlobals) = postSolution
		SolutionGuid = {B01AB0F6-37F9-432A-B99D-3A87FBA8E0BE}
	EndGlobalSection
EndGlobal
